// !$*UTF8*$!
{
	archiveVersion = 1;
	classes = {
	};
	objectVersion = 50;
	objects = {

/* Begin PBXBuildFile section */
		49FADF65967227D8B88D93D4 /* libPods-S.a in Frameworks */ = {isa = PBXBuildFile; fileRef = A633A1A076746BE813F4C3A8 /* libPods-S.a */; };
		7869ADFF2085A000002C0DDA /* AppDelegate.m in Sources */ = {isa = PBXBuildFile; fileRef = 7869ADFE2085A000002C0DDA /* AppDelegate.m */; };
		7869AE022085A000002C0DDA /* ViewController.m in Sources */ = {isa = PBXBuildFile; fileRef = 7869AE012085A000002C0DDA /* ViewController.m */; };
		7869AE052085A000002C0DDA /* Main.storyboard in Resources */ = {isa = PBXBuildFile; fileRef = 7869AE032085A000002C0DDA /* Main.storyboard */; };
		7869AE072085A002002C0DDA /* Assets.xcassets in Resources */ = {isa = PBXBuildFile; fileRef = 7869AE062085A002002C0DDA /* Assets.xcassets */; };
		7869AE0A2085A002002C0DDA /* LaunchScreen.storyboard in Resources */ = {isa = PBXBuildFile; fileRef = 7869AE082085A002002C0DDA /* LaunchScreen.storyboard */; };
		7869AE0D2085A002002C0DDA /* main.m in Sources */ = {isa = PBXBuildFile; fileRef = 7869AE0C2085A002002C0DDA /* main.m */; };
		7869AE152085A796002C0DDA /* LView.m in Sources */ = {isa = PBXBuildFile; fileRef = 7869AE142085A796002C0DDA /* LView.m */; };
		7869AE182085C298002C0DDA /* AViewController.m in Sources */ = {isa = PBXBuildFile; fileRef = 7869AE172085C298002C0DDA /* AViewController.m */; };
		7869AE1B2085C9A4002C0DDA /* BViewController.m in Sources */ = {isa = PBXBuildFile; fileRef = 7869AE1A2085C9A4002C0DDA /* BViewController.m */; };
		7869AE1D2085CBB2002C0DDA /* xibView.xib in Resources */ = {isa = PBXBuildFile; fileRef = 7869AE1C2085CBB2002C0DDA /* xibView.xib */; };
		7869AE1F2085CDB1002C0DDA /* AxibView.xib in Resources */ = {isa = PBXBuildFile; fileRef = 7869AE1E2085CDB1002C0DDA /* AxibView.xib */; };
		7869AE222085D3E0002C0DDA /* BxibView.m in Sources */ = {isa = PBXBuildFile; fileRef = 7869AE212085D3E0002C0DDA /* BxibView.m */; };
		7869AE242085D3F2002C0DDA /* BxibView.xib in Resources */ = {isa = PBXBuildFile; fileRef = 7869AE232085D3F2002C0DDA /* BxibView.xib */; };
		78B246792094652E005E251A /* TableViewController.m in Sources */ = {isa = PBXBuildFile; fileRef = 78B246782094652E005E251A /* TableViewController.m */; };
		78B2467C20946F87005E251A /* AdvertiseHelper.m in Sources */ = {isa = PBXBuildFile; fileRef = 78B2467B20946F87005E251A /* AdvertiseHelper.m */; };
		78B2467F20946FAD005E251A /* AdvertiseView.m in Sources */ = {isa = PBXBuildFile; fileRef = 78B2467E20946FAD005E251A /* AdvertiseView.m */; };
/* End PBXBuildFile section */

/* Begin PBXFileReference section */
		7869ADFA2085A000002C0DDA /* S.app */ = {isa = PBXFileReference; explicitFileType = wrapper.application; includeInIndex = 0; path = S.app; sourceTree = BUILT_PRODUCTS_DIR; };
		7869ADFD2085A000002C0DDA /* AppDelegate.h */ = {isa = PBXFileReference; lastKnownFileType = sourcecode.c.h; path = AppDelegate.h; sourceTree = "<group>"; };
		7869ADFE2085A000002C0DDA /* AppDelegate.m */ = {isa = PBXFileReference; lastKnownFileType = sourcecode.c.objc; path = AppDelegate.m; sourceTree = "<group>"; };
		7869AE002085A000002C0DDA /* ViewController.h */ = {isa = PBXFileReference; lastKnownFileType = sourcecode.c.h; path = ViewController.h; sourceTree = "<group>"; };
		7869AE012085A000002C0DDA /* ViewController.m */ = {isa = PBXFileReference; lastKnownFileType = sourcecode.c.objc; path = ViewController.m; sourceTree = "<group>"; };
		7869AE042085A000002C0DDA /* Base */ = {isa = PBXFileReference; lastKnownFileType = file.storyboard; name = Base; path = Base.lproj/Main.storyboard; sourceTree = "<group>"; };
		7869AE062085A002002C0DDA /* Assets.xcassets */ = {isa = PBXFileReference; lastKnownFileType = folder.assetcatalog; path = Assets.xcassets; sourceTree = "<group>"; };
		7869AE092085A002002C0DDA /* Base */ = {isa = PBXFileReference; lastKnownFileType = file.storyboard; name = Base; path = Base.lproj/LaunchScreen.storyboard; sourceTree = "<group>"; };
		7869AE0B2085A002002C0DDA /* Info.plist */ = {isa = PBXFileReference; lastKnownFileType = text.plist.xml; path = Info.plist; sourceTree = "<group>"; };
		7869AE0C2085A002002C0DDA /* main.m */ = {isa = PBXFileReference; lastKnownFileType = sourcecode.c.objc; path = main.m; sourceTree = "<group>"; };
		7869AE132085A796002C0DDA /* LView.h */ = {isa = PBXFileReference; lastKnownFileType = sourcecode.c.h; path = LView.h; sourceTree = "<group>"; };
		7869AE142085A796002C0DDA /* LView.m */ = {isa = PBXFileReference; lastKnownFileType = sourcecode.c.objc; path = LView.m; sourceTree = "<group>"; };
		7869AE162085C298002C0DDA /* AViewController.h */ = {isa = PBXFileReference; lastKnownFileType = sourcecode.c.h; path = AViewController.h; sourceTree = "<group>"; };
		7869AE172085C298002C0DDA /* AViewController.m */ = {isa = PBXFileReference; lastKnownFileType = sourcecode.c.objc; path = AViewController.m; sourceTree = "<group>"; };
		7869AE192085C9A4002C0DDA /* BViewController.h */ = {isa = PBXFileReference; lastKnownFileType = sourcecode.c.h; path = BViewController.h; sourceTree = "<group>"; };
		7869AE1A2085C9A4002C0DDA /* BViewController.m */ = {isa = PBXFileReference; lastKnownFileType = sourcecode.c.objc; path = BViewController.m; sourceTree = "<group>"; };
		7869AE1C2085CBB2002C0DDA /* xibView.xib */ = {isa = PBXFileReference; lastKnownFileType = file.xib; path = xibView.xib; sourceTree = "<group>"; };
		7869AE1E2085CDB1002C0DDA /* AxibView.xib */ = {isa = PBXFileReference; lastKnownFileType = file.xib; path = AxibView.xib; sourceTree = "<group>"; };
		7869AE202085D3E0002C0DDA /* BxibView.h */ = {isa = PBXFileReference; lastKnownFileType = sourcecode.c.h; path = BxibView.h; sourceTree = "<group>"; };
		7869AE212085D3E0002C0DDA /* BxibView.m */ = {isa = PBXFileReference; lastKnownFileType = sourcecode.c.objc; path = BxibView.m; sourceTree = "<group>"; };
		7869AE232085D3F2002C0DDA /* BxibView.xib */ = {isa = PBXFileReference; lastKnownFileType = file.xib; path = BxibView.xib; sourceTree = "<group>"; };
		78B2466C20942181005E251A /* PrefixHeader.pch */ = {isa = PBXFileReference; lastKnownFileType = sourcecode.c.h; path = PrefixHeader.pch; sourceTree = "<group>"; };
		78B246772094652E005E251A /* TableViewController.h */ = {isa = PBXFileReference; lastKnownFileType = sourcecode.c.h; path = TableViewController.h; sourceTree = "<group>"; };
		78B246782094652E005E251A /* TableViewController.m */ = {isa = PBXFileReference; lastKnownFileType = sourcecode.c.objc; path = TableViewController.m; sourceTree = "<group>"; };
		78B2467A20946F87005E251A /* AdvertiseHelper.h */ = {isa = PBXFileReference; lastKnownFileType = sourcecode.c.h; path = AdvertiseHelper.h; sourceTree = "<group>"; };
		78B2467B20946F87005E251A /* AdvertiseHelper.m */ = {isa = PBXFileReference; lastKnownFileType = sourcecode.c.objc; path = AdvertiseHelper.m; sourceTree = "<group>"; };
		78B2467D20946FAD005E251A /* AdvertiseView.h */ = {isa = PBXFileReference; lastKnownFileType = sourcecode.c.h; path = AdvertiseView.h; sourceTree = "<group>"; };
		78B2467E20946FAD005E251A /* AdvertiseView.m */ = {isa = PBXFileReference; lastKnownFileType = sourcecode.c.objc; path = AdvertiseView.m; sourceTree = "<group>"; };
		9B053BC416BDEE94389F3E11 /* Pods-S.debug.xcconfig */ = {isa = PBXFileReference; includeInIndex = 1; lastKnownFileType = text.xcconfig; name = "Pods-S.debug.xcconfig"; path = "Pods/Target Support Files/Pods-S/Pods-S.debug.xcconfig"; sourceTree = "<group>"; };
		A633A1A076746BE813F4C3A8 /* libPods-S.a */ = {isa = PBXFileReference; explicitFileType = archive.ar; includeInIndex = 0; path = "libPods-S.a"; sourceTree = BUILT_PRODUCTS_DIR; };
		D21A25FE1A3DA6C1392FC393 /* Pods-S.release.xcconfig */ = {isa = PBXFileReference; includeInIndex = 1; lastKnownFileType = text.xcconfig; name = "Pods-S.release.xcconfig"; path = "Pods/Target Support Files/Pods-S/Pods-S.release.xcconfig"; sourceTree = "<group>"; };
/* End PBXFileReference section */

/* Begin PBXFrameworksBuildPhase section */
		7869ADF72085A000002C0DDA /* Frameworks */ = {
			isa = PBXFrameworksBuildPhase;
			buildActionMask = 2147483647;
			files = (
				49FADF65967227D8B88D93D4 /* libPods-S.a in Frameworks */,
			);
			runOnlyForDeploymentPostprocessing = 0;
		};
/* End PBXFrameworksBuildPhase section */

/* Begin PBXGroup section */
		06ED7DA6FE5C5AB830A4B629 /* Frameworks */ = {
			isa = PBXGroup;
			children = (
				A633A1A076746BE813F4C3A8 /* libPods-S.a */,
			);
			name = Frameworks;
			sourceTree = "<group>";
		};
		7869ADF12085A000002C0DDA = {
			isa = PBXGroup;
			children = (
				7869ADFC2085A000002C0DDA /* S */,
				7869ADFB2085A000002C0DDA /* Products */,
				C0B603C8EA549E5D861DC5F6 /* Pods */,
				06ED7DA6FE5C5AB830A4B629 /* Frameworks */,
			);
			sourceTree = "<group>";
		};
		7869ADFB2085A000002C0DDA /* Products */ = {
			isa = PBXGroup;
			children = (
				7869ADFA2085A000002C0DDA /* S.app */,
			);
			name = Products;
			sourceTree = "<group>";
		};
		7869ADFC2085A000002C0DDA /* S */ = {
			isa = PBXGroup;
			children = (
				7869ADFD2085A000002C0DDA /* AppDelegate.h */,
				7869ADFE2085A000002C0DDA /* AppDelegate.m */,
				7869AE002085A000002C0DDA /* ViewController.h */,
				7869AE012085A000002C0DDA /* ViewController.m */,
				7869AE162085C298002C0DDA /* AViewController.h */,
				7869AE172085C298002C0DDA /* AViewController.m */,
				7869AE192085C9A4002C0DDA /* BViewController.h */,
				7869AE1A2085C9A4002C0DDA /* BViewController.m */,
				78B246772094652E005E251A /* TableViewController.h */,
				78B246782094652E005E251A /* TableViewController.m */,
				78B2466C20942181005E251A /* PrefixHeader.pch */,
				78B24673209427BC005E251A /* AdPageView */,
				7869AE252085E330002C0DDA /* xib */,
				7869AE262085E34B002C0DDA /* IB_DESIGNABLE */,
				7869AE032085A000002C0DDA /* Main.storyboard */,
				7869AE062085A002002C0DDA /* Assets.xcassets */,
				7869AE082085A002002C0DDA /* LaunchScreen.storyboard */,
				7869AE0B2085A002002C0DDA /* Info.plist */,
				7869AE0C2085A002002C0DDA /* main.m */,
			);
			path = S;
			sourceTree = "<group>";
		};
		7869AE252085E330002C0DDA /* xib */ = {
			isa = PBXGroup;
			children = (
				7869AE1C2085CBB2002C0DDA /* xibView.xib */,
				7869AE1E2085CDB1002C0DDA /* AxibView.xib */,
				7869AE202085D3E0002C0DDA /* BxibView.h */,
				7869AE212085D3E0002C0DDA /* BxibView.m */,
				7869AE232085D3F2002C0DDA /* BxibView.xib */,
			);
			path = xib;
			sourceTree = "<group>";
		};
		7869AE262085E34B002C0DDA /* IB_DESIGNABLE */ = {
			isa = PBXGroup;
			children = (
				7869AE132085A796002C0DDA /* LView.h */,
				7869AE142085A796002C0DDA /* LView.m */,
			);
			path = IB_DESIGNABLE;
			sourceTree = "<group>";
		};
		78B24673209427BC005E251A /* AdPageView */ = {
			isa = PBXGroup;
			children = (
				78B2467A20946F87005E251A /* AdvertiseHelper.h */,
				78B2467B20946F87005E251A /* AdvertiseHelper.m */,
				78B2467D20946FAD005E251A /* AdvertiseView.h */,
				78B2467E20946FAD005E251A /* AdvertiseView.m */,
			);
			path = AdPageView;
			sourceTree = "<group>";
		};
		C0B603C8EA549E5D861DC5F6 /* Pods */ = {
			isa = PBXGroup;
			children = (
				9B053BC416BDEE94389F3E11 /* Pods-S.debug.xcconfig */,
				D21A25FE1A3DA6C1392FC393 /* Pods-S.release.xcconfig */,
			);
			name = Pods;
			sourceTree = "<group>";
		};
/* End PBXGroup section */

/* Begin PBXNativeTarget section */
		7869ADF92085A000002C0DDA /* S */ = {
			isa = PBXNativeTarget;
			buildConfigurationList = 7869AE102085A002002C0DDA /* Build configuration list for PBXNativeTarget "S" */;
			buildPhases = (
				1ED4B855BB5E4AA86027988E /* [CP] Check Pods Manifest.lock */,
				7869ADF62085A000002C0DDA /* Sources */,
				7869ADF72085A000002C0DDA /* Frameworks */,
				7869ADF82085A000002C0DDA /* Resources */,
			);
			buildRules = (
			);
			dependencies = (
			);
			name = S;
			productName = S;
			productReference = 7869ADFA2085A000002C0DDA /* S.app */;
			productType = "com.apple.product-type.application";
		};
/* End PBXNativeTarget section */

/* Begin PBXProject section */
		7869ADF22085A000002C0DDA /* Project object */ = {
			isa = PBXProject;
			attributes = {
				LastUpgradeCheck = 0930;
				ORGANIZATIONNAME = idea;
				TargetAttributes = {
					7869ADF92085A000002C0DDA = {
						CreatedOnToolsVersion = 9.3;
					};
				};
			};
			buildConfigurationList = 7869ADF52085A000002C0DDA /* Build configuration list for PBXProject "S" */;
			compatibilityVersion = "Xcode 9.3";
			developmentRegion = en;
			hasScannedForEncodings = 0;
			knownRegions = (
				en,
				Base,
			);
			mainGroup = 7869ADF12085A000002C0DDA;
			productRefGroup = 7869ADFB2085A000002C0DDA /* Products */;
			projectDirPath = "";
			projectRoot = "";
			targets = (
				7869ADF92085A000002C0DDA /* S */,
			);
		};
/* End PBXProject section */

/* Begin PBXResourcesBuildPhase section */
		7869ADF82085A000002C0DDA /* Resources */ = {
			isa = PBXResourcesBuildPhase;
			buildActionMask = 2147483647;
			files = (
				7869AE0A2085A002002C0DDA /* LaunchScreen.storyboard in Resources */,
				7869AE242085D3F2002C0DDA /* BxibView.xib in Resources */,
				7869AE072085A002002C0DDA /* Assets.xcassets in Resources */,
				7869AE1D2085CBB2002C0DDA /* xibView.xib in Resources */,
				7869AE052085A000002C0DDA /* Main.storyboard in Resources */,
				7869AE1F2085CDB1002C0DDA /* AxibView.xib in Resources */,
			);
			runOnlyForDeploymentPostprocessing = 0;
		};
/* End PBXResourcesBuildPhase section */

/* Begin PBXShellScriptBuildPhase section */
		1ED4B855BB5E4AA86027988E /* [CP] Check Pods Manifest.lock */ = {
			isa = PBXShellScriptBuildPhase;
			buildActionMask = 2147483647;
			files = (
			);
			inputPaths = (
				"${PODS_PODFILE_DIR_PATH}/Podfile.lock",
				"${PODS_ROOT}/Manifest.lock",
			);
			name = "[CP] Check Pods Manifest.lock";
			outputPaths = (
				"$(DERIVED_FILE_DIR)/Pods-S-checkManifestLockResult.txt",
			);
			runOnlyForDeploymentPostprocessing = 0;
			shellPath = /bin/sh;
			shellScript = "diff \"${PODS_PODFILE_DIR_PATH}/Podfile.lock\" \"${PODS_ROOT}/Manifest.lock\" > /dev/null\nif [ $? != 0 ] ; then\n    # print error to STDERR\n    echo \"error: The sandbox is not in sync with the Podfile.lock. Run 'pod install' or update your CocoaPods installation.\" >&2\n    exit 1\nfi\n# This output is used by Xcode 'outputs' to avoid re-running this script phase.\necho \"SUCCESS\" > \"${SCRIPT_OUTPUT_FILE_0}\"\n";
			showEnvVarsInLog = 0;
		};
/* End PBXShellScriptBuildPhase section */

/* Begin PBXSourcesBuildPhase section */
		7869ADF62085A000002C0DDA /* Sources */ = {
			isa = PBXSourcesBuildPhase;
			buildActionMask = 2147483647;
			files = (
				7869AE022085A000002C0DDA /* ViewController.m in Sources */,
				7869AE222085D3E0002C0DDA /* BxibView.m in Sources */,
				7869AE1B2085C9A4002C0DDA /* BViewController.m in Sources */,
				7869AE182085C298002C0DDA /* AViewController.m in Sources */,
				7869AE152085A796002C0DDA /* LView.m in Sources */,
				7869AE0D2085A002002C0DDA /* main.m in Sources */,
				78B2467C20946F87005E251A /* AdvertiseHelper.m in Sources */,
				7869ADFF2085A000002C0DDA /* AppDelegate.m in Sources */,
				78B2467F20946FAD005E251A /* AdvertiseView.m in Sources */,
				78B246792094652E005E251A /* TableViewController.m in Sources */,
			);
			runOnlyForDeploymentPostprocessing = 0;
		};
/* End PBXSourcesBuildPhase section */

/* Begin PBXVariantGroup section */
		7869AE032085A000002C0DDA /* Main.storyboard */ = {
			isa = PBXVariantGroup;
			children = (
				7869AE042085A000002C0DDA /* Base */,
			);
			name = Main.storyboard;
			sourceTree = "<group>";
		};
		7869AE082085A002002C0DDA /* LaunchScreen.storyboard */ = {
			isa = PBXVariantGroup;
			children = (
				7869AE092085A002002C0DDA /* Base */,
			);
			name = LaunchScreen.storyboard;
			sourceTree = "<group>";
		};
/* End PBXVariantGroup section */

/* Begin XCBuildConfiguration section */
		7869AE0E2085A002002C0DDA /* Debug */ = {
			isa = XCBuildConfiguration;
			buildSettings = {
				ALWAYS_SEARCH_USER_PATHS = NO;
				CLANG_ANALYZER_NONNULL = YES;
				CLANG_ANALYZER_NUMBER_OBJECT_CONVERSION = YES_AGGRESSIVE;
				CLANG_CXX_LANGUAGE_STANDARD = "gnu++14";
				CLANG_CXX_LIBRARY = "libc++";
				CLANG_ENABLE_MODULES = YES;
				CLANG_ENABLE_OBJC_ARC = YES;
				CLANG_ENABLE_OBJC_WEAK = YES;
				CLANG_WARN_BLOCK_CAPTURE_AUTORELEASING = YES;
				CLANG_WARN_BOOL_CONVERSION = YES;
				CLANG_WARN_COMMA = YES;
				CLANG_WARN_CONSTANT_CONVERSION = YES;
				CLANG_WARN_DEPRECATED_OBJC_IMPLEMENTATIONS = YES;
				CLANG_WARN_DIRECT_OBJC_ISA_USAGE = YES_ERROR;
				CLANG_WARN_DOCUMENTATION_COMMENTS = YES;
				CLANG_WARN_EMPTY_BODY = YES;
				CLANG_WARN_ENUM_CONVERSION = YES;
				CLANG_WARN_INFINITE_RECURSION = YES;
				CLANG_WARN_INT_CONVERSION = YES;
				CLANG_WARN_NON_LITERAL_NULL_CONVERSION = YES;
				CLANG_WARN_OBJC_IMPLICIT_RETAIN_SELF = YES;
				CLANG_WARN_OBJC_LITERAL_CONVERSION = YES;
				CLANG_WARN_OBJC_ROOT_CLASS = YES_ERROR;
				CLANG_WARN_RANGE_LOOP_ANALYSIS = YES;
				CLANG_WARN_STRICT_PROTOTYPES = YES;
				CLANG_WARN_SUSPICIOUS_MOVE = YES;
				CLANG_WARN_UNGUARDED_AVAILABILITY = YES_AGGRESSIVE;
				CLANG_WARN_UNREACHABLE_CODE = YES;
				CLANG_WARN__DUPLICATE_METHOD_MATCH = YES;
				CODE_SIGN_IDENTITY = "iPhone Developer";
				COPY_PHASE_STRIP = NO;
				DEBUG_INFORMATION_FORMAT = dwarf;
				ENABLE_STRICT_OBJC_MSGSEND = YES;
				ENABLE_TESTABILITY = YES;
				GCC_C_LANGUAGE_STANDARD = gnu11;
				GCC_DYNAMIC_NO_PIC = NO;
				GCC_NO_COMMON_BLOCKS = YES;
				GCC_OPTIMIZATION_LEVEL = 0;
				GCC_PREPROCESSOR_DEFINITIONS = (
					"DEBUG=1",
					"$(inherited)",
				);
				GCC_WARN_64_TO_32_BIT_CONVERSION = YES;
				GCC_WARN_ABOUT_RETURN_TYPE = YES_ERROR;
				GCC_WARN_UNDECLARED_SELECTOR = YES;
				GCC_WARN_UNINITIALIZED_AUTOS = YES_AGGRESSIVE;
				GCC_WARN_UNUSED_FUNCTION = YES;
				GCC_WARN_UNUSED_VARIABLE = YES;
				IPHONEOS_DEPLOYMENT_TARGET = 11.3;
				MTL_ENABLE_DEBUG_INFO = YES;
				ONLY_ACTIVE_ARCH = YES;
				SDKROOT = iphoneos;
			};
			name = Debug;
		};
		7869AE0F2085A002002C0DDA /* Release */ = {
			isa = XCBuildConfiguration;
			buildSettings = {
				ALWAYS_SEARCH_USER_PATHS = NO;
				CLANG_ANALYZER_NONNULL = YES;
				CLANG_ANALYZER_NUMBER_OBJECT_CONVERSION = YES_AGGRESSIVE;
				CLANG_CXX_LANGUAGE_STANDARD = "gnu++14";
				CLANG_CXX_LIBRARY = "libc++";
				CLANG_ENABLE_MODULES = YES;
				CLANG_ENABLE_OBJC_ARC = YES;
				CLANG_ENABLE_OBJC_WEAK = YES;
				CLANG_WARN_BLOCK_CAPTURE_AUTORELEASING = YES;
				CLANG_WARN_BOOL_CONVERSION = YES;
				CLANG_WARN_COMMA = YES;
				CLANG_WARN_CONSTANT_CONVERSION = YES;
				CLANG_WARN_DEPRECATED_OBJC_IMPLEMENTATIONS = YES;
				CLANG_WARN_DIRECT_OBJC_ISA_USAGE = YES_ERROR;
				CLANG_WARN_DOCUMENTATION_COMMENTS = YES;
				CLANG_WARN_EMPTY_BODY = YES;
				CLANG_WARN_ENUM_CONVERSION = YES;
				CLANG_WARN_INFINITE_RECURSION = YES;
				CLANG_WARN_INT_CONVERSION = YES;
				CLANG_WARN_NON_LITERAL_NULL_CONVERSION = YES;
				CLANG_WARN_OBJC_IMPLICIT_RETAIN_SELF = YES;
				CLANG_WARN_OBJC_LITERAL_CONVERSION = YES;
				CLANG_WARN_OBJC_ROOT_CLASS = YES_ERROR;
				CLANG_WARN_RANGE_LOOP_ANALYSIS = YES;
				CLANG_WARN_STRICT_PROTOTYPES = YES;
				CLANG_WARN_SUSPICIOUS_MOVE = YES;
				CLANG_WARN_UNGUARDED_AVAILABILITY = YES_AGGRESSIVE;
				CLANG_WARN_UNREACHABLE_CODE = YES;
				CLANG_WARN__DUPLICATE_METHOD_MATCH = YES;
				CODE_SIGN_IDENTITY = "iPhone Developer";
				COPY_PHASE_STRIP = NO;
				DEBUG_INFORMATION_FORMAT = "dwarf-with-dsym";
				ENABLE_NS_ASSERTIONS = NO;
				ENABLE_STRICT_OBJC_MSGSEND = YES;
				GCC_C_LANGUAGE_STANDARD = gnu11;
				GCC_NO_COMMON_BLOCKS = YES;
				GCC_WARN_64_TO_32_BIT_CONVERSION = YES;
				GCC_WARN_ABOUT_RETURN_TYPE = YES_ERROR;
				GCC_WARN_UNDECLARED_SELECTOR = YES;
				GCC_WARN_UNINITIALIZED_AUTOS = YES_AGGRESSIVE;
				GCC_WARN_UNUSED_FUNCTION = YES;
				GCC_WARN_UNUSED_VARIABLE = YES;
				IPHONEOS_DEPLOYMENT_TARGET = 11.3;
				MTL_ENABLE_DEBUG_INFO = NO;
				SDKROOT = iphoneos;
				VALIDATE_PRODUCT = YES;
			};
			name = Release;
		};
		7869AE112085A002002C0DDA /* Debug */ = {
			isa = XCBuildConfiguration;
			baseConfigurationReference = 9B053BC416BDEE94389F3E11 /* Pods-S.debug.xcconfig */;
			buildSettings = {
				ASSETCATALOG_COMPILER_APPICON_NAME = AppIcon;
				CODE_SIGN_STYLE = Automatic;
				GCC_PRECOMPILE_PREFIX_HEADER = YES;
				GCC_PREFIX_HEADER = "$(SRCROOT)/S/PrefixHeader.pch";
				INFOPLIST_FILE = S/Info.plist;
				LD_RUNPATH_SEARCH_PATHS = "$(inherited) @executable_path/Frameworks";
				PRODUCT_BUNDLE_IDENTIFIER = com.youlu.S;
				PRODUCT_NAME = "$(TARGET_NAME)";
				TARGETED_DEVICE_FAMILY = "1,2";
			};
			name = Debug;
		};
		7869AE122085A002002C0DDA /* Release */ = {
			isa = XCBuildConfiguration;
			baseConfigurationReference = D21A25FE1A3DA6C1392FC393 /* Pods-S.release.xcconfig */;
			buildSettings = {
				ASSETCATALOG_COMPILER_APPICON_NAME = AppIcon;
				CODE_SIGN_STYLE = Automatic;
				GCC_PRECOMPILE_PREFIX_HEADER = YES;
				GCC_PREFIX_HEADER = "$(SRCROOT)/S/PrefixHeader.pch";
				INFOPLIST_FILE = S/Info.plist;
				LD_RUNPATH_SEARCH_PATHS = "$(inherited) @executable_path/Frameworks";
				PRODUCT_BUNDLE_IDENTIFIER = com.youlu.S;
				PRODUCT_NAME = "$(TARGET_NAME)";
				TARGETED_DEVICE_FAMILY = "1,2";
			};
			name = Release;
		};
/* End XCBuildConfiguration section */

/* Begin XCConfigurationList section */
		7869ADF52085A000002C0DDA /* Build configuration list for PBXProject "S" */ = {
			isa = XCConfigurationList;
			buildConfigurations = (
				7869AE0E2085A002002C0DDA /* Debug */,
				7869AE0F2085A002002C0DDA /* Release */,
			);
			defaultConfigurationIsVisible = 0;
			defaultConfigurationName = Release;
		};
		7869AE102085A002002C0DDA /* Build configuration list for PBXNativeTarget "S" */ = {
			isa = XCConfigurationList;
			buildConfigurations = (
				7869AE112085A002002C0DDA /* Debug */,
				7869AE122085A002002C0DDA /* Release */,
			);
			defaultConfigurationIsVisible = 0;
			defaultConfigurationName = Release;
		};
/* End XCConfigurationList section */
	};
	rootObject = 7869ADF22085A000002C0DDA /* Project object */;
}
